{
  "name": "san",
  "version": "1.0.0",
  "lockfileVersion": 1,
  "requires": true,
  "dependencies": {
    "typescript": {
      "version": "3.7.0-dev.20190829",
      "resolved": "https://registry.npmjs.org/typescript/-/typescript-3.7.0-dev.20190829.tgz",
      "integrity": "sha512-qyRMr1LuxkE8Su38W6t7YtRI8wotu4TiAUpnD8QIxYBHiyalNTC2GsGJGGrYXSZ5d1RM0VG4PNrHOxA0byfhKg=="
    }
  }
}
